
Microsoft Visual Studio Solution File, Format Version 12.00
# Visual Studio Version 17
VisualStudioVersion = 17.6.33815.320
MinimumVisualStudioVersion = 10.0.40219.1
Project("{FAE04EC0-301F-11D3-BF4B-00C04F79EFBC}") = "CatAsAService", "CatAsAService.csproj", "{78C32450-4FFA-480E-AD95-2C8FE9F0A3F8}"
EndProject
Global
	GlobalSection(SolutionConfigurationPlatforms) = preSolution
		Debug|Any CPU = Debug|Any CPU
		Release|Any CPU = Release|Any CPU
	EndGlobalSection
	GlobalSection(ProjectConfigurationPlatforms) = postSolution
		{78C32450-4FFA-480E-AD95-2C8FE9F0A3F8}.Debug|Any CPU.ActiveCfg = Debug|Any CPU
		{78C32450-4FFA-480E-AD95-2C8FE9F0A3F8}.Debug|Any CPU.Build.0 = Debug|Any CPU
		{78C32450-4FFA-480E-AD95-2C8FE9F0A3F8}.Release|Any CPU.ActiveCfg = Release|Any CPU
		{78C32450-4FFA-480E-AD95-2C8FE9F0A3F8}.Release|Any CPU.Build.0 = Release|Any CPU
	EndGlobalSection
	GlobalSection(SolutionProperties) = preSolution
		HideSolutionNode = FALSE
	EndGlobalSection
	GlobalSection(ExtensibilityGlobals) = postSolution
		SolutionGuid = {A6F0A088-847D-4E3E-B542-8AA6AF179AC8}
	EndGlobalSection
EndGlobal
